// !$*UTF8*$!
{
	archiveVersion = 1;
	classes = {
	};
	objectVersion = 56;
	objects = {

/* Begin PBXBuildFile section */
		010AE8BE2972B56800A86316 /* category.plist in Resources */ = {isa = PBXBuildFile; fileRef = 010AE8B22972B56800A86316 /* category.plist */; };
		010AE8BF2972B56800A86316 /* VideoEdit.plist in Resources */ = {isa = PBXBuildFile; fileRef = 010AE8B32972B56800A86316 /* VideoEdit.plist */; };
		010AE8C02972B56800A86316 /* textEditOption.plist in Resources */ = {isa = PBXBuildFile; fileRef = 010AE8B42972B56800A86316 /* textEditOption.plist */; };
		010AE8C12972B56800A86316 /* style.plist in Resources */ = {isa = PBXBuildFile; fileRef = 010AE8B52972B56800A86316 /* style.plist */; };
		010AE8C22972B56800A86316 /* btn.plist in Resources */ = {isa = PBXBuildFile; fileRef = 010AE8B62972B56800A86316 /* btn.plist */; };
		010AE8C32972B56800A86316 /* gradient.plist in Resources */ = {isa = PBXBuildFile; fileRef = 010AE8B72972B56800A86316 /* gradient.plist */; };
		010AE8C42972B56800A86316 /* colorp.plist in Resources */ = {isa = PBXBuildFile; fileRef = 010AE8B82972B56800A86316 /* colorp.plist */; };
		010AE8C52972B56800A86316 /* FilterGroup.plist in Resources */ = {isa = PBXBuildFile; fileRef = 010AE8B92972B56800A86316 /* FilterGroup.plist */; };
		010AE8C62972B56800A86316 /* imageEdit.plist in Resources */ = {isa = PBXBuildFile; fileRef = 010AE8BA2972B56800A86316 /* imageEdit.plist */; };
		010AE8C72972B56800A86316 /* AdjustV.plist in Resources */ = {isa = PBXBuildFile; fileRef = 010AE8BB2972B56800A86316 /* AdjustV.plist */; };
		010AE8C82972B56800A86316 /* Motivational.plist in Resources */ = {isa = PBXBuildFile; fileRef = 010AE8BC2972B56800A86316 /* Motivational.plist */; };
		010AE8C92972B56800A86316 /* sticker.plist in Resources */ = {isa = PBXBuildFile; fileRef = 010AE8BD2972B56800A86316 /* sticker.plist */; };
		010AE8CD2972BCA400A86316 /* RatioCell.swift in Sources */ = {isa = PBXBuildFile; fileRef = 010AE8CB2972BCA300A86316 /* RatioCell.swift */; };
		010AE8CE2972BCA400A86316 /* RatioCell.xib in Resources */ = {isa = PBXBuildFile; fileRef = 010AE8CC2972BCA400A86316 /* RatioCell.xib */; };
		010AE8D12972BED900A86316 /* AppGlobal.swift in Sources */ = {isa = PBXBuildFile; fileRef = 010AE8D02972BED900A86316 /* AppGlobal.swift */; };
		010AEC482972D82900A86316 /* Shopping in Resources */ = {isa = PBXBuildFile; fileRef = 010AEC362972D82700A86316 /* Shopping */; };
		010AEC492972D82900A86316 /* Paper in Resources */ = {isa = PBXBuildFile; fileRef = 010AEC372972D82700A86316 /* Paper */; };
		010AEC4A2972D82900A86316 /* Summer in Resources */ = {isa = PBXBuildFile; fileRef = 010AEC382972D82700A86316 /* Summer */; };
		010AEC4B2972D82900A86316 /* Comic in Resources */ = {isa = PBXBuildFile; fileRef = 010AEC392972D82700A86316 /* Comic */; };
		010AEC4C2972D82900A86316 /* FastFood in Resources */ = {isa = PBXBuildFile; fileRef = 010AEC3A2972D82700A86316 /* FastFood */; };
		010AEC4D2972D82900A86316 /* Quotes in Resources */ = {isa = PBXBuildFile; fileRef = 010AEC3B2972D82700A86316 /* Quotes */; };
		010AEC4E2972D82900A86316 /* Marketing in Resources */ = {isa = PBXBuildFile; fileRef = 010AEC3C2972D82700A86316 /* Marketing */; };
		010AEC4F2972D82900A86316 /* Vegetables in Resources */ = {isa = PBXBuildFile; fileRef = 010AEC3D2972D82800A86316 /* Vegetables */; };
		010AEC502972D82900A86316 /* Bubbles in Resources */ = {isa = PBXBuildFile; fileRef = 010AEC3E2972D82800A86316 /* Bubbles */; };
		010AEC512972D82900A86316 /* Sale in Resources */ = {isa = PBXBuildFile; fileRef = 010AEC3F2972D82800A86316 /* Sale */; };
		010AEC522972D82900A86316 /* Fruits in Resources */ = {isa = PBXBuildFile; fileRef = 010AEC402972D82800A86316 /* Fruits */; };
		010AEC532972D82900A86316 /* Transport in Resources */ = {isa = PBXBuildFile; fileRef = 010AEC412972D82800A86316 /* Transport */; };
		010AEC542972D82900A86316 /* Cute in Resources */ = {isa = PBXBuildFile; fileRef = 010AEC422972D82800A86316 /* Cute */; };
		010AEC552972D82900A86316 /* Draw in Resources */ = {isa = PBXBuildFile; fileRef = 010AEC432972D82800A86316 /* Draw */; };
		010AEC562972D82900A86316 /* Arrows in Resources */ = {isa = PBXBuildFile; fileRef = 010AEC442972D82800A86316 /* Arrows */; };
		010AEC572972D82900A86316 /* Floral in Resources */ = {isa = PBXBuildFile; fileRef = 010AEC452972D82800A86316 /* Floral */; };
		010AEC582972D82900A86316 /* Education in Resources */ = {isa = PBXBuildFile; fileRef = 010AEC462972D82900A86316 /* Education */; };
		010AEC592972D82900A86316 /* Nature in Resources */ = {isa = PBXBuildFile; fileRef = 010AEC472972D82900A86316 /* Nature */; };
		010AEC9B2972FC4000A86316 /* StickerVc.swift in Sources */ = {isa = PBXBuildFile; fileRef = 010AEC992972FC3F00A86316 /* StickerVc.swift */; };
		010AEC9C2972FC4000A86316 /* StickerVc.xib in Resources */ = {isa = PBXBuildFile; fileRef = 010AEC9A2972FC4000A86316 /* StickerVc.xib */; };
		010AEC9E2972FC8A00A86316 /* CustomModalViewController.swift in Sources */ = {isa = PBXBuildFile; fileRef = 010AEC9D2972FC8A00A86316 /* CustomModalViewController.swift */; };
		010AECA1297313E000A86316 /* HeaderView.xib in Resources */ = {isa = PBXBuildFile; fileRef = 010AEC9F297313DF00A86316 /* HeaderView.xib */; };
		010AECA2297313E000A86316 /* HeaderView.swift in Sources */ = {isa = PBXBuildFile; fileRef = 010AECA0297313DF00A86316 /* HeaderView.swift */; };
		01864AF129719B6B00598CEC /* AppDelegate.swift in Sources */ = {isa = PBXBuildFile; fileRef = 01864AF029719B6B00598CEC /* AppDelegate.swift */; };
		01864AF329719B6B00598CEC /* SceneDelegate.swift in Sources */ = {isa = PBXBuildFile; fileRef = 01864AF229719B6B00598CEC /* SceneDelegate.swift */; };
		01864AF529719B6B00598CEC /* ViewController.swift in Sources */ = {isa = PBXBuildFile; fileRef = 01864AF429719B6B00598CEC /* ViewController.swift */; };
		01864AF829719B6B00598CEC /* Main.storyboard in Resources */ = {isa = PBXBuildFile; fileRef = 01864AF629719B6B00598CEC /* Main.storyboard */; };
		01864AFA29719B6C00598CEC /* Assets.xcassets in Resources */ = {isa = PBXBuildFile; fileRef = 01864AF929719B6C00598CEC /* Assets.xcassets */; };
		01864AFD29719B6C00598CEC /* LaunchScreen.storyboard in Resources */ = {isa = PBXBuildFile; fileRef = 01864AFB29719B6C00598CEC /* LaunchScreen.storyboard */; };
		01864B0829719B6D00598CEC /* SquareFitTests.swift in Sources */ = {isa = PBXBuildFile; fileRef = 01864B0729719B6D00598CEC /* SquareFitTests.swift */; };
		01864B1229719B6D00598CEC /* SquareFitUITests.swift in Sources */ = {isa = PBXBuildFile; fileRef = 01864B1129719B6D00598CEC /* SquareFitUITests.swift */; };
		01864B1429719B6D00598CEC /* SquareFitUITestsLaunchTests.swift in Sources */ = {isa = PBXBuildFile; fileRef = 01864B1329719B6D00598CEC /* SquareFitUITestsLaunchTests.swift */; };
		01A826992972972800DCCEF7 /* PhotoVc.swift in Sources */ = {isa = PBXBuildFile; fileRef = 01A826982972972800DCCEF7 /* PhotoVc.swift */; };
		01AE3A002971BFCA00C2F652 /* HomeVc.swift in Sources */ = {isa = PBXBuildFile; fileRef = 01AE39FF2971BFCA00C2F652 /* HomeVc.swift */; };
		01AE3A032971C02000C2F652 /* bg.png in Resources */ = {isa = PBXBuildFile; fileRef = 01AE3A022971C02000C2F652 /* bg.png */; };
		0238AF71532FD6A445E993DC /* Pods_SquareFit.framework in Frameworks */ = {isa = PBXBuildFile; fileRef = A999C260D46CBD636DFF6C9A /* Pods_SquareFit.framework */; };
		91BD9F27580A73FBC7D7A079 /* Pods_SquareFitTests.framework in Frameworks */ = {isa = PBXBuildFile; fileRef = 5063DC39055A1E627922144D /* Pods_SquareFitTests.framework */; };
		F0811D6E44DDAC4F9554A845 /* Pods_SquareFit_SquareFitUITests.framework in Frameworks */ = {isa = PBXBuildFile; fileRef = 7A0D1D8DB93A296AD993A5AF /* Pods_SquareFit_SquareFitUITests.framework */; };
/* End PBXBuildFile section */

/* Begin PBXContainerItemProxy section */
		01864B0429719B6D00598CEC /* PBXContainerItemProxy */ = {
			isa = PBXContainerItemProxy;
			containerPortal = 01864AE529719B6B00598CEC /* Project object */;
			proxyType = 1;
			remoteGlobalIDString = 01864AEC29719B6B00598CEC;
			remoteInfo = SquareFit;
		};
		01864B0E29719B6D00598CEC /* PBXContainerItemProxy */ = {
			isa = PBXContainerItemProxy;
			containerPortal = 01864AE529719B6B00598CEC /* Project object */;
			proxyType = 1;
			remoteGlobalIDString = 01864AEC29719B6B00598CEC;
			remoteInfo = SquareFit;
		};
/* End PBXContainerItemProxy section */

/* Begin PBXFileReference section */
		010AE8B22972B56800A86316 /* category.plist */ = {isa = PBXFileReference; fileEncoding = 4; lastKnownFileType = text.plist.xml; path = category.plist; sourceTree = "<group>"; };
		010AE8B32972B56800A86316 /* VideoEdit.plist */ = {isa = PBXFileReference; fileEncoding = 4; lastKnownFileType = text.plist.xml; path = VideoEdit.plist; sourceTree = "<group>"; };
		010AE8B42972B56800A86316 /* textEditOption.plist */ = {isa = PBXFileReference; fileEncoding = 4; lastKnownFileType = text.plist.xml; path = textEditOption.plist; sourceTree = "<group>"; };
		010AE8B52972B56800A86316 /* style.plist */ = {isa = PBXFileReference; fileEncoding = 4; lastKnownFileType = text.plist.xml; path = style.plist; sourceTree = "<group>"; };
		010AE8B62972B56800A86316 /* btn.plist */ = {isa = PBXFileReference; fileEncoding = 4; lastKnownFileType = text.plist.xml; path = btn.plist; sourceTree = "<group>"; };
		010AE8B72972B56800A86316 /* gradient.plist */ = {isa = PBXFileReference; fileEncoding = 4; lastKnownFileType = text.plist.xml; path = gradient.plist; sourceTree = "<group>"; };
		010AE8B82972B56800A86316 /* colorp.plist */ = {isa = PBXFileReference; fileEncoding = 4; lastKnownFileType = text.plist.xml; path = colorp.plist; sourceTree = "<group>"; };
		010AE8B92972B56800A86316 /* FilterGroup.plist */ = {isa = PBXFileReference; fileEncoding = 4; lastKnownFileType = text.plist.xml; path = FilterGroup.plist; sourceTree = "<group>"; };
		010AE8BA2972B56800A86316 /* imageEdit.plist */ = {isa = PBXFileReference; fileEncoding = 4; lastKnownFileType = text.plist.xml; path = imageEdit.plist; sourceTree = "<group>"; };
		010AE8BB2972B56800A86316 /* AdjustV.plist */ = {isa = PBXFileReference; fileEncoding = 4; lastKnownFileType = text.plist.xml; path = AdjustV.plist; sourceTree = "<group>"; };
		010AE8BC2972B56800A86316 /* Motivational.plist */ = {isa = PBXFileReference; fileEncoding = 4; lastKnownFileType = text.plist.xml; path = Motivational.plist; sourceTree = "<group>"; };
		010AE8BD2972B56800A86316 /* sticker.plist */ = {isa = PBXFileReference; fileEncoding = 4; lastKnownFileType = text.plist.xml; path = sticker.plist; sourceTree = "<group>"; };
		010AE8CB2972BCA300A86316 /* RatioCell.swift */ = {isa = PBXFileReference; fileEncoding = 4; lastKnownFileType = sourcecode.swift; path = RatioCell.swift; sourceTree = "<group>"; };
		010AE8CC2972BCA400A86316 /* RatioCell.xib */ = {isa = PBXFileReference; fileEncoding = 4; lastKnownFileType = file.xib; path = RatioCell.xib; sourceTree = "<group>"; };
		010AE8D02972BED900A86316 /* AppGlobal.swift */ = {isa = PBXFileReference; fileEncoding = 4; lastKnownFileType = sourcecode.swift; path = AppGlobal.swift; sourceTree = "<group>"; };
		010AEC362972D82700A86316 /* Shopping */ = {isa = PBXFileReference; lastKnownFileType = folder; path = Shopping; sourceTree = "<group>"; };
		010AEC372972D82700A86316 /* Paper */ = {isa = PBXFileReference; lastKnownFileType = folder; path = Paper; sourceTree = "<group>"; };
		010AEC382972D82700A86316 /* Summer */ = {isa = PBXFileReference; lastKnownFileType = folder; path = Summer; sourceTree = "<group>"; };
		010AEC392972D82700A86316 /* Comic */ = {isa = PBXFileReference; lastKnownFileType = folder; path = Comic; sourceTree = "<group>"; };
		010AEC3A2972D82700A86316 /* FastFood */ = {isa = PBXFileReference; lastKnownFileType = folder; path = FastFood; sourceTree = "<group>"; };
		010AEC3B2972D82700A86316 /* Quotes */ = {isa = PBXFileReference; lastKnownFileType = folder; path = Quotes; sourceTree = "<group>"; };
		010AEC3C2972D82700A86316 /* Marketing */ = {isa = PBXFileReference; lastKnownFileType = folder; path = Marketing; sourceTree = "<group>"; };
		010AEC3D2972D82800A86316 /* Vegetables */ = {isa = PBXFileReference; lastKnownFileType = folder; path = Vegetables; sourceTree = "<group>"; };
		010AEC3E2972D82800A86316 /* Bubbles */ = {isa = PBXFileReference; lastKnownFileType = folder; path = Bubbles; sourceTree = "<group>"; };
		010AEC3F2972D82800A86316 /* Sale */ = {isa = PBXFileReference; lastKnownFileType = folder; path = Sale; sourceTree = "<group>"; };
		010AEC402972D82800A86316 /* Fruits */ = {isa = PBXFileReference; lastKnownFileType = folder; path = Fruits; sourceTree = "<group>"; };
		010AEC412972D82800A86316 /* Transport */ = {isa = PBXFileReference; lastKnownFileType = folder; path = Transport; sourceTree = "<group>"; };
		010AEC422972D82800A86316 /* Cute */ = {isa = PBXFileReference; lastKnownFileType = folder; path = Cute; sourceTree = "<group>"; };
		010AEC432972D82800A86316 /* Draw */ = {isa = PBXFileReference; lastKnownFileType = folder; path = Draw; sourceTree = "<group>"; };
		010AEC442972D82800A86316 /* Arrows */ = {isa = PBXFileReference; lastKnownFileType = folder; path = Arrows; sourceTree = "<group>"; };
		010AEC452972D82800A86316 /* Floral */ = {isa = PBXFileReference; lastKnownFileType = folder; path = Floral; sourceTree = "<group>"; };
		010AEC462972D82900A86316 /* Education */ = {isa = PBXFileReference; lastKnownFileType = folder; path = Education; sourceTree = "<group>"; };
		010AEC472972D82900A86316 /* Nature */ = {isa = PBXFileReference; lastKnownFileType = folder; path = Nature; sourceTree = "<group>"; };
		010AEC992972FC3F00A86316 /* StickerVc.swift */ = {isa = PBXFileReference; fileEncoding = 4; lastKnownFileType = sourcecode.swift; path = StickerVc.swift; sourceTree = "<group>"; };
		010AEC9A2972FC4000A86316 /* StickerVc.xib */ = {isa = PBXFileReference; fileEncoding = 4; lastKnownFileType = file.xib; path = StickerVc.xib; sourceTree = "<group>"; };
		010AEC9D2972FC8A00A86316 /* CustomModalViewController.swift */ = {isa = PBXFileReference; fileEncoding = 4; lastKnownFileType = sourcecode.swift; path = CustomModalViewController.swift; sourceTree = "<group>"; };
		010AEC9F297313DF00A86316 /* HeaderView.xib */ = {isa = PBXFileReference; fileEncoding = 4; lastKnownFileType = file.xib; path = HeaderView.xib; sourceTree = "<group>"; };
		010AECA0297313DF00A86316 /* HeaderView.swift */ = {isa = PBXFileReference; fileEncoding = 4; lastKnownFileType = sourcecode.swift; path = HeaderView.swift; sourceTree = "<group>"; };
		01864AED29719B6B00598CEC /* SquareFit.app */ = {isa = PBXFileReference; explicitFileType = wrapper.application; includeInIndex = 0; path = SquareFit.app; sourceTree = BUILT_PRODUCTS_DIR; };
		01864AF029719B6B00598CEC /* AppDelegate.swift */ = {isa = PBXFileReference; lastKnownFileType = sourcecode.swift; path = AppDelegate.swift; sourceTree = "<group>"; };
		01864AF229719B6B00598CEC /* SceneDelegate.swift */ = {isa = PBXFileReference; lastKnownFileType = sourcecode.swift; path = SceneDelegate.swift; sourceTree = "<group>"; };
		01864AF429719B6B00598CEC /* ViewController.swift */ = {isa = PBXFileReference; lastKnownFileType = sourcecode.swift; path = ViewController.swift; sourceTree = "<group>"; };
		01864AF729719B6B00598CEC /* Base */ = {isa = PBXFileReference; lastKnownFileType = file.storyboard; name = Base; path = Base.lproj/Main.storyboard; sourceTree = "<group>"; };
		01864AF929719B6C00598CEC /* Assets.xcassets */ = {isa = PBXFileReference; lastKnownFileType = folder.assetcatalog; path = Assets.xcassets; sourceTree = "<group>"; };
		01864AFC29719B6C00598CEC /* Base */ = {isa = PBXFileReference; lastKnownFileType = file.storyboard; name = Base; path = Base.lproj/LaunchScreen.storyboard; sourceTree = "<group>"; };
		01864AFE29719B6C00598CEC /* Info.plist */ = {isa = PBXFileReference; lastKnownFileType = text.plist.xml; path = Info.plist; sourceTree = "<group>"; };
		01864B0329719B6D00598CEC /* SquareFitTests.xctest */ = {isa = PBXFileReference; explicitFileType = wrapper.cfbundle; includeInIndex = 0; path = SquareFitTests.xctest; sourceTree = BUILT_PRODUCTS_DIR; };
		01864B0729719B6D00598CEC /* SquareFitTests.swift */ = {isa = PBXFileReference; lastKnownFileType = sourcecode.swift; path = SquareFitTests.swift; sourceTree = "<group>"; };
		01864B0D29719B6D00598CEC /* SquareFitUITests.xctest */ = {isa = PBXFileReference; explicitFileType = wrapper.cfbundle; includeInIndex = 0; path = SquareFitUITests.xctest; sourceTree = BUILT_PRODUCTS_DIR; };
		01864B1129719B6D00598CEC /* SquareFitUITests.swift */ = {isa = PBXFileReference; lastKnownFileType = sourcecode.swift; path = SquareFitUITests.swift; sourceTree = "<group>"; };
		01864B1329719B6D00598CEC /* SquareFitUITestsLaunchTests.swift */ = {isa = PBXFileReference; lastKnownFileType = sourcecode.swift; path = SquareFitUITestsLaunchTests.swift; sourceTree = "<group>"; };
		01A826982972972800DCCEF7 /* PhotoVc.swift */ = {isa = PBXFileReference; lastKnownFileType = sourcecode.swift; path = PhotoVc.swift; sourceTree = "<group>"; };
		01AE39FF2971BFCA00C2F652 /* HomeVc.swift */ = {isa = PBXFileReference; lastKnownFileType = sourcecode.swift; path = HomeVc.swift; sourceTree = "<group>"; };
		01AE3A022971C02000C2F652 /* bg.png */ = {isa = PBXFileReference; lastKnownFileType = image.png; path = bg.png; sourceTree = "<group>"; };
		33DCA3D9E4555CEE76670315 /* Pods-SquareFitTests.debug.xcconfig */ = {isa = PBXFileReference; includeInIndex = 1; lastKnownFileType = text.xcconfig; name = "Pods-SquareFitTests.debug.xcconfig"; path = "Target Support Files/Pods-SquareFitTests/Pods-SquareFitTests.debug.xcconfig"; sourceTree = "<group>"; };
		3A237CDFD40E340FE5B7B9BE /* Pods-SquareFit-SquareFitUITests.debug.xcconfig */ = {isa = PBXFileReference; includeInIndex = 1; lastKnownFileType = text.xcconfig; name = "Pods-SquareFit-SquareFitUITests.debug.xcconfig"; path = "Target Support Files/Pods-SquareFit-SquareFitUITests/Pods-SquareFit-SquareFitUITests.debug.xcconfig"; sourceTree = "<group>"; };
		45E5460D1EDB2519231E6369 /* Pods-SquareFitTests.release.xcconfig */ = {isa = PBXFileReference; includeInIndex = 1; lastKnownFileType = text.xcconfig; name = "Pods-SquareFitTests.release.xcconfig"; path = "Target Support Files/Pods-SquareFitTests/Pods-SquareFitTests.release.xcconfig"; sourceTree = "<group>"; };
		5063DC39055A1E627922144D /* Pods_SquareFitTests.framework */ = {isa = PBXFileReference; explicitFileType = wrapper.framework; includeInIndex = 0; path = Pods_SquareFitTests.framework; sourceTree = BUILT_PRODUCTS_DIR; };
		7A0D1D8DB93A296AD993A5AF /* Pods_SquareFit_SquareFitUITests.framework */ = {isa = PBXFileReference; explicitFileType = wrapper.framework; includeInIndex = 0; path = Pods_SquareFit_SquareFitUITests.framework; sourceTree = BUILT_PRODUCTS_DIR; };
		86812907FD4E12C94B3A2A4D /* Pods-SquareFit.release.xcconfig */ = {isa = PBXFileReference; includeInIndex = 1; lastKnownFileType = text.xcconfig; name = "Pods-SquareFit.release.xcconfig"; path = "Target Support Files/Pods-SquareFit/Pods-SquareFit.release.xcconfig"; sourceTree = "<group>"; };
		A78C9EC0256037C831065F94 /* Pods-SquareFit.debug.xcconfig */ = {isa = PBXFileReference; includeInIndex = 1; lastKnownFileType = text.xcconfig; name = "Pods-SquareFit.debug.xcconfig"; path = "Target Support Files/Pods-SquareFit/Pods-SquareFit.debug.xcconfig"; sourceTree = "<group>"; };
		A999C260D46CBD636DFF6C9A /* Pods_SquareFit.framework */ = {isa = PBXFileReference; explicitFileType = wrapper.framework; includeInIndex = 0; path = Pods_SquareFit.framework; sourceTree = BUILT_PRODUCTS_DIR; };
		E2C23A16DC4A6119B9740145 /* Pods-SquareFit-SquareFitUITests.release.xcconfig */ = {isa = PBXFileReference; includeInIndex = 1; lastKnownFileType = text.xcconfig; name = "Pods-SquareFit-SquareFitUITests.release.xcconfig"; path = "Target Support Files/Pods-SquareFit-SquareFitUITests/Pods-SquareFit-SquareFitUITests.release.xcconfig"; sourceTree = "<group>"; };
/* End PBXFileReference section */

/* Begin PBXFrameworksBuildPhase section */
		01864AEA29719B6B00598CEC /* Frameworks */ = {
			isa = PBXFrameworksBuildPhase;
			buildActionMask = 2147483647;
			files = (
				0238AF71532FD6A445E993DC /* Pods_SquareFit.framework in Frameworks */,
			);
			runOnlyForDeploymentPostprocessing = 0;
		};
		01864B0029719B6D00598CEC /* Frameworks */ = {
			isa = PBXFrameworksBuildPhase;
			buildActionMask = 2147483647;
			files = (
				91BD9F27580A73FBC7D7A079 /* Pods_SquareFitTests.framework in Frameworks */,
			);
			runOnlyForDeploymentPostprocessing = 0;
		};
		01864B0A29719B6D00598CEC /* Frameworks */ = {
			isa = PBXFrameworksBuildPhase;
			buildActionMask = 2147483647;
			files = (
				F0811D6E44DDAC4F9554A845 /* Pods_SquareFit_SquareFitUITests.framework in Frameworks */,
			);
			runOnlyForDeploymentPostprocessing = 0;
		};
/* End PBXFrameworksBuildPhase section */

/* Begin PBXGroup section */
		010AE8B12972B56800A86316 /* Plist */ = {
			isa = PBXGroup;
			children = (
				010AE8B22972B56800A86316 /* category.plist */,
				010AE8B32972B56800A86316 /* VideoEdit.plist */,
				010AE8B42972B56800A86316 /* textEditOption.plist */,
				010AE8B52972B56800A86316 /* style.plist */,
				010AE8B62972B56800A86316 /* btn.plist */,
				010AE8B72972B56800A86316 /* gradient.plist */,
				010AE8B82972B56800A86316 /* colorp.plist */,
				010AE8B92972B56800A86316 /* FilterGroup.plist */,
				010AE8BA2972B56800A86316 /* imageEdit.plist */,
				010AE8BB2972B56800A86316 /* AdjustV.plist */,
				010AE8BC2972B56800A86316 /* Motivational.plist */,
				010AE8BD2972B56800A86316 /* sticker.plist */,
			);
			path = Plist;
			sourceTree = "<group>";
		};
		010AE8CA2972BC8600A86316 /* Cell */ = {
			isa = PBXGroup;
			children = (
				010AE8CB2972BCA300A86316 /* RatioCell.swift */,
				010AE8CC2972BCA400A86316 /* RatioCell.xib */,
			);
			path = Cell;
			sourceTree = "<group>";
		};
		010AE8CF2972BECD00A86316 /* Model */ = {
			isa = PBXGroup;
			children = (
				010AE8D02972BED900A86316 /* AppGlobal.swift */,
			);
			path = Model;
			sourceTree = "<group>";
		};
		010AEC982972FC3100A86316 /* Xib */ = {
			isa = PBXGroup;
			children = (
				010AECA0297313DF00A86316 /* HeaderView.swift */,
				010AEC9F297313DF00A86316 /* HeaderView.xib */,
				010AEC992972FC3F00A86316 /* StickerVc.swift */,
				010AEC9A2972FC4000A86316 /* StickerVc.xib */,
			);
			path = Xib;
			sourceTree = "<group>";
		};
		01864AE429719B6B00598CEC = {
			isa = PBXGroup;
			children = (
				01AE39FE2971BFAD00C2F652 /* ViewController */,
				01AE3A012971C00E00C2F652 /* Images */,
				010AEC982972FC3100A86316 /* Xib */,
				010AE8CF2972BECD00A86316 /* Model */,
				010AE8CA2972BC8600A86316 /* Cell */,
				010AE8B12972B56800A86316 /* Plist */,
				01864AEF29719B6B00598CEC /* SquareFit */,
				01864B0629719B6D00598CEC /* SquareFitTests */,
				01864B1029719B6D00598CEC /* SquareFitUITests */,
				01864AEE29719B6B00598CEC /* Products */,
				621FC09FD52C1E9A901C5A8C /* Pods */,
				89EC2C4589BC5833962D1FB0 /* Frameworks */,
			);
			sourceTree = "<group>";
		};
		01864AEE29719B6B00598CEC /* Products */ = {
			isa = PBXGroup;
			children = (
				01864AED29719B6B00598CEC /* SquareFit.app */,
				01864B0329719B6D00598CEC /* SquareFitTests.xctest */,
				01864B0D29719B6D00598CEC /* SquareFitUITests.xctest */,
			);
			name = Products;
			sourceTree = "<group>";
		};
		01864AEF29719B6B00598CEC /* SquareFit */ = {
			isa = PBXGroup;
			children = (
				01864AF029719B6B00598CEC /* AppDelegate.swift */,
				01864AF229719B6B00598CEC /* SceneDelegate.swift */,
				01864AF429719B6B00598CEC /* ViewController.swift */,
				01864AF629719B6B00598CEC /* Main.storyboard */,
				01864AF929719B6C00598CEC /* Assets.xcassets */,
				01864AFB29719B6C00598CEC /* LaunchScreen.storyboard */,
				01864AFE29719B6C00598CEC /* Info.plist */,
			);
			path = SquareFit;
			sourceTree = "<group>";
		};
		01864B0629719B6D00598CEC /* SquareFitTests */ = {
			isa = PBXGroup;
			children = (
				01864B0729719B6D00598CEC /* SquareFitTests.swift */,
			);
			path = SquareFitTests;
			sourceTree = "<group>";
		};
		01864B1029719B6D00598CEC /* SquareFitUITests */ = {
			isa = PBXGroup;
			children = (
				01864B1129719B6D00598CEC /* SquareFitUITests.swift */,
				01864B1329719B6D00598CEC /* SquareFitUITestsLaunchTests.swift */,
			);
			path = SquareFitUITests;
			sourceTree = "<group>";
		};
		01AE39FE2971BFAD00C2F652 /* ViewController */ = {
			isa = PBXGroup;
			children = (
				010AEC9D2972FC8A00A86316 /* CustomModalViewController.swift */,
				01AE39FF2971BFCA00C2F652 /* HomeVc.swift */,
				01A826982972972800DCCEF7 /* PhotoVc.swift */,
			);
			path = ViewController;
			sourceTree = "<group>";
		};
		01AE3A012971C00E00C2F652 /* Images */ = {
			isa = PBXGroup;
			children = (
				010AEC442972D82800A86316 /* Arrows */,
				010AEC3E2972D82800A86316 /* Bubbles */,
				010AEC392972D82700A86316 /* Comic */,
				010AEC422972D82800A86316 /* Cute */,
				010AEC432972D82800A86316 /* Draw */,
				010AEC462972D82900A86316 /* Education */,
				010AEC3A2972D82700A86316 /* FastFood */,
				010AEC452972D82800A86316 /* Floral */,
				010AEC402972D82800A86316 /* Fruits */,
				010AEC3C2972D82700A86316 /* Marketing */,
				010AEC472972D82900A86316 /* Nature */,
				010AEC372972D82700A86316 /* Paper */,
				010AEC3B2972D82700A86316 /* Quotes */,
				010AEC3F2972D82800A86316 /* Sale */,
				010AEC362972D82700A86316 /* Shopping */,
				010AEC382972D82700A86316 /* Summer */,
				010AEC412972D82800A86316 /* Transport */,
				010AEC3D2972D82800A86316 /* Vegetables */,
				01AE3A022971C02000C2F652 /* bg.png */,
			);
			path = Images;
			sourceTree = "<group>";
		};
		621FC09FD52C1E9A901C5A8C /* Pods */ = {
			isa = PBXGroup;
			children = (
				A78C9EC0256037C831065F94 /* Pods-SquareFit.debug.xcconfig */,
				86812907FD4E12C94B3A2A4D /* Pods-SquareFit.release.xcconfig */,
				3A237CDFD40E340FE5B7B9BE /* Pods-SquareFit-SquareFitUITests.debug.xcconfig */,
				E2C23A16DC4A6119B9740145 /* Pods-SquareFit-SquareFitUITests.release.xcconfig */,
				33DCA3D9E4555CEE76670315 /* Pods-SquareFitTests.debug.xcconfig */,
				45E5460D1EDB2519231E6369 /* Pods-SquareFitTests.release.xcconfig */,
			);
			path = Pods;
			sourceTree = "<group>";
		};
		89EC2C4589BC5833962D1FB0 /* Frameworks */ = {
			isa = PBXGroup;
			children = (
				A999C260D46CBD636DFF6C9A /* Pods_SquareFit.framework */,
				7A0D1D8DB93A296AD993A5AF /* Pods_SquareFit_SquareFitUITests.framework */,
				5063DC39055A1E627922144D /* Pods_SquareFitTests.framework */,
			);
			name = Frameworks;
			sourceTree = "<group>";
		};
/* End PBXGroup section */

/* Begin PBXNativeTarget section */
		01864AEC29719B6B00598CEC /* SquareFit */ = {
			isa = PBXNativeTarget;
			buildConfigurationList = 01864B1729719B6D00598CEC /* Build configuration list for PBXNativeTarget "SquareFit" */;
			buildPhases = (
				7702694FA40E51DA75B6D88B /* [CP] Check Pods Manifest.lock */,
				01864AE929719B6B00598CEC /* Sources */,
				01864AEA29719B6B00598CEC /* Frameworks */,
				01864AEB29719B6B00598CEC /* Resources */,
			);
			buildRules = (
			);
			dependencies = (
			);
			name = SquareFit;
			productName = SquareFit;
			productReference = 01864AED29719B6B00598CEC /* SquareFit.app */;
			productType = "com.apple.product-type.application";
		};
		01864B0229719B6D00598CEC /* SquareFitTests */ = {
			isa = PBXNativeTarget;
			buildConfigurationList = 01864B1A29719B6D00598CEC /* Build configuration list for PBXNativeTarget "SquareFitTests" */;
			buildPhases = (
				F560A61F09FC26428EDA0C7D /* [CP] Check Pods Manifest.lock */,
				01864AFF29719B6D00598CEC /* Sources */,
				01864B0029719B6D00598CEC /* Frameworks */,
				01864B0129719B6D00598CEC /* Resources */,
			);
			buildRules = (
			);
			dependencies = (
				01864B0529719B6D00598CEC /* PBXTargetDependency */,
			);
			name = SquareFitTests;
			productName = SquareFitTests;
			productReference = 01864B0329719B6D00598CEC /* SquareFitTests.xctest */;
			productType = "com.apple.product-type.bundle.unit-test";
		};
		01864B0C29719B6D00598CEC /* SquareFitUITests */ = {
			isa = PBXNativeTarget;
			buildConfigurationList = 01864B1D29719B6D00598CEC /* Build configuration list for PBXNativeTarget "SquareFitUITests" */;
			buildPhases = (
				94F552E42D02C081D2493F3C /* [CP] Check Pods Manifest.lock */,
				01864B0929719B6D00598CEC /* Sources */,
				01864B0A29719B6D00598CEC /* Frameworks */,
				01864B0B29719B6D00598CEC /* Resources */,
			);
			buildRules = (
			);
			dependencies = (
				01864B0F29719B6D00598CEC /* PBXTargetDependency */,
			);
			name = SquareFitUITests;
			productName = SquareFitUITests;
			productReference = 01864B0D29719B6D00598CEC /* SquareFitUITests.xctest */;
			productType = "com.apple.product-type.bundle.ui-testing";
		};
/* End PBXNativeTarget section */

/* Begin PBXProject section */
		01864AE529719B6B00598CEC /* Project object */ = {
			isa = PBXProject;
			attributes = {
				BuildIndependentTargetsInParallel = 1;
				LastSwiftUpdateCheck = 1400;
				LastUpgradeCheck = 1400;
				TargetAttributes = {
					01864AEC29719B6B00598CEC = {
						CreatedOnToolsVersion = 14.0.1;
					};
					01864B0229719B6D00598CEC = {
						CreatedOnToolsVersion = 14.0.1;
						TestTargetID = 01864AEC29719B6B00598CEC;
					};
					01864B0C29719B6D00598CEC = {
						CreatedOnToolsVersion = 14.0.1;
						TestTargetID = 01864AEC29719B6B00598CEC;
					};
				};
			};
			buildConfigurationList = 01864AE829719B6B00598CEC /* Build configuration list for PBXProject "SquareFit" */;
			compatibilityVersion = "Xcode 14.0";
			developmentRegion = en;
			hasScannedForEncodings = 0;
			knownRegions = (
				en,
				Base,
			);
			mainGroup = 01864AE429719B6B00598CEC;
			productRefGroup = 01864AEE29719B6B00598CEC /* Products */;
			projectDirPath = "";
			projectRoot = "";
			targets = (
				01864AEC29719B6B00598CEC /* SquareFit */,
				01864B0229719B6D00598CEC /* SquareFitTests */,
				01864B0C29719B6D00598CEC /* SquareFitUITests */,
			);
		};
/* End PBXProject section */

/* Begin PBXResourcesBuildPhase section */
		01864AEB29719B6B00598CEC /* Resources */ = {
			isa = PBXResourcesBuildPhase;
			buildActionMask = 2147483647;
			files = (
				010AE8C62972B56800A86316 /* imageEdit.plist in Resources */,
				010AE8C32972B56800A86316 /* gradient.plist in Resources */,
				010AEC572972D82900A86316 /* Floral in Resources */,
				010AE8BF2972B56800A86316 /* VideoEdit.plist in Resources */,
				010AEC9C2972FC4000A86316 /* StickerVc.xib in Resources */,
				010AE8C52972B56800A86316 /* FilterGroup.plist in Resources */,
				010AEC562972D82900A86316 /* Arrows in Resources */,
				010AEC502972D82900A86316 /* Bubbles in Resources */,
				010AEC532972D82900A86316 /* Transport in Resources */,
				010AEC492972D82900A86316 /* Paper in Resources */,
				010AE8C82972B56800A86316 /* Motivational.plist in Resources */,
				010AEC4B2972D82900A86316 /* Comic in Resources */,
				01864AFD29719B6C00598CEC /* LaunchScreen.storyboard in Resources */,
				010AE8C22972B56800A86316 /* btn.plist in Resources */,
				010AE8C72972B56800A86316 /* AdjustV.plist in Resources */,
				010AEC522972D82900A86316 /* Fruits in Resources */,
				010AE8C42972B56800A86316 /* colorp.plist in Resources */,
				010AE8BE2972B56800A86316 /* category.plist in Resources */,
				010AEC4F2972D82900A86316 /* Vegetables in Resources */,
				010AEC512972D82900A86316 /* Sale in Resources */,
				010AEC552972D82900A86316 /* Draw in Resources */,
				010AEC592972D82900A86316 /* Nature in Resources */,
				010AECA1297313E000A86316 /* HeaderView.xib in Resources */,
				010AEC482972D82900A86316 /* Shopping in Resources */,
				01864AFA29719B6C00598CEC /* Assets.xcassets in Resources */,
				010AEC542972D82900A86316 /* Cute in Resources */,
				010AEC582972D82900A86316 /* Education in Resources */,
				010AEC4C2972D82900A86316 /* FastFood in Resources */,
				010AEC4D2972D82900A86316 /* Quotes in Resources */,
				010AE8CE2972BCA400A86316 /* RatioCell.xib in Resources */,
				010AE8C02972B56800A86316 /* textEditOption.plist in Resources */,
				010AEC4A2972D82900A86316 /* Summer in Resources */,
				010AEC4E2972D82900A86316 /* Marketing in Resources */,
				010AE8C92972B56800A86316 /* sticker.plist in Resources */,
				01AE3A032971C02000C2F652 /* bg.png in Resources */,
				010AE8C12972B56800A86316 /* style.plist in Resources */,
				01864AF829719B6B00598CEC /* Main.storyboard in Resources */,
			);
			runOnlyForDeploymentPostprocessing = 0;
		};
		01864B0129719B6D00598CEC /* Resources */ = {
			isa = PBXResourcesBuildPhase;
			buildActionMask = 2147483647;
			files = (
			);
			runOnlyForDeploymentPostprocessing = 0;
		};
		01864B0B29719B6D00598CEC /* Resources */ = {
			isa = PBXResourcesBuildPhase;
			buildActionMask = 2147483647;
			files = (
			);
			runOnlyForDeploymentPostprocessing = 0;
		};
/* End PBXResourcesBuildPhase section */

/* Begin PBXShellScriptBuildPhase section */
		7702694FA40E51DA75B6D88B /* [CP] Check Pods Manifest.lock */ = {
			isa = PBXShellScriptBuildPhase;
			buildActionMask = 2147483647;
			files = (
			);
			inputFileListPaths = (
			);
			inputPaths = (
				"${PODS_PODFILE_DIR_PATH}/Podfile.lock",
				"${PODS_ROOT}/Manifest.lock",
			);
			name = "[CP] Check Pods Manifest.lock";
			outputFileListPaths = (
			);
			outputPaths = (
				"$(DERIVED_FILE_DIR)/Pods-SquareFit-checkManifestLockResult.txt",
			);
			runOnlyForDeploymentPostprocessing = 0;
			shellPath = /bin/sh;
			shellScript = "diff \"${PODS_PODFILE_DIR_PATH}/Podfile.lock\" \"${PODS_ROOT}/Manifest.lock\" > /dev/null\nif [ $? != 0 ] ; then\n    # print error to STDERR\n    echo \"error: The sandbox is not in sync with the Podfile.lock. Run 'pod install' or update your CocoaPods installation.\" >&2\n    exit 1\nfi\n# This output is used by Xcode 'outputs' to avoid re-running this script phase.\necho \"SUCCESS\" > \"${SCRIPT_OUTPUT_FILE_0}\"\n";
			showEnvVarsInLog = 0;
		};
		94F552E42D02C081D2493F3C /* [CP] Check Pods Manifest.lock */ = {
			isa = PBXShellScriptBuildPhase;
			buildActionMask = 2147483647;
			files = (
			);
			inputFileListPaths = (
			);
			inputPaths = (
				"${PODS_PODFILE_DIR_PATH}/Podfile.lock",
				"${PODS_ROOT}/Manifest.lock",
			);
			name = "[CP] Check Pods Manifest.lock";
			outputFileListPaths = (
			);
			outputPaths = (
				"$(DERIVED_FILE_DIR)/Pods-SquareFit-SquareFitUITests-checkManifestLockResult.txt",
			);
			runOnlyForDeploymentPostprocessing = 0;
			shellPath = /bin/sh;
			shellScript = "diff \"${PODS_PODFILE_DIR_PATH}/Podfile.lock\" \"${PODS_ROOT}/Manifest.lock\" > /dev/null\nif [ $? != 0 ] ; then\n    # print error to STDERR\n    echo \"error: The sandbox is not in sync with the Podfile.lock. Run 'pod install' or update your CocoaPods installation.\" >&2\n    exit 1\nfi\n# This output is used by Xcode 'outputs' to avoid re-running this script phase.\necho \"SUCCESS\" > \"${SCRIPT_OUTPUT_FILE_0}\"\n";
			showEnvVarsInLog = 0;
		};
		F560A61F09FC26428EDA0C7D /* [CP] Check Pods Manifest.lock */ = {
			isa = PBXShellScriptBuildPhase;
			buildActionMask = 2147483647;
			files = (
			);
			inputFileListPaths = (
			);
			inputPaths = (
				"${PODS_PODFILE_DIR_PATH}/Podfile.lock",
				"${PODS_ROOT}/Manifest.lock",
			);
			name = "[CP] Check Pods Manifest.lock";
			outputFileListPaths = (
			);
			outputPaths = (
				"$(DERIVED_FILE_DIR)/Pods-SquareFitTests-checkManifestLockResult.txt",
			);
			runOnlyForDeploymentPostprocessing = 0;
			shellPath = /bin/sh;
			shellScript = "diff \"${PODS_PODFILE_DIR_PATH}/Podfile.lock\" \"${PODS_ROOT}/Manifest.lock\" > /dev/null\nif [ $? != 0 ] ; then\n    # print error to STDERR\n    echo \"error: The sandbox is not in sync with the Podfile.lock. Run 'pod install' or update your CocoaPods installation.\" >&2\n    exit 1\nfi\n# This output is used by Xcode 'outputs' to avoid re-running this script phase.\necho \"SUCCESS\" > \"${SCRIPT_OUTPUT_FILE_0}\"\n";
			showEnvVarsInLog = 0;
		};
/* End PBXShellScriptBuildPhase section */

/* Begin PBXSourcesBuildPhase section */
		01864AE929719B6B00598CEC /* Sources */ = {
			isa = PBXSourcesBuildPhase;
			buildActionMask = 2147483647;
			files = (
				010AEC9B2972FC4000A86316 /* StickerVc.swift in Sources */,
				01864AF529719B6B00598CEC /* ViewController.swift in Sources */,
				01AE3A002971BFCA00C2F652 /* HomeVc.swift in Sources */,
				01864AF129719B6B00598CEC /* AppDelegate.swift in Sources */,
				010AE8CD2972BCA400A86316 /* RatioCell.swift in Sources */,
				010AECA2297313E000A86316 /* HeaderView.swift in Sources */,
				010AEC9E2972FC8A00A86316 /* CustomModalViewController.swift in Sources */,
				010AE8D12972BED900A86316 /* AppGlobal.swift in Sources */,
				01A826992972972800DCCEF7 /* PhotoVc.swift in Sources */,
				01864AF329719B6B00598CEC /* SceneDelegate.swift in Sources */,
			);
			runOnlyForDeploymentPostprocessing = 0;
		};
		01864AFF29719B6D00598CEC /* Sources */ = {
			isa = PBXSourcesBuildPhase;
			buildActionMask = 2147483647;
			files = (
				01864B0829719B6D00598CEC /* SquareFitTests.swift in Sources */,
			);
			runOnlyForDeploymentPostprocessing = 0;
		};
		01864B0929719B6D00598CEC /* Sources */ = {
			isa = PBXSourcesBuildPhase;
			buildActionMask = 2147483647;
			files = (
				01864B1229719B6D00598CEC /* SquareFitUITests.swift in Sources */,
				01864B1429719B6D00598CEC /* SquareFitUITestsLaunchTests.swift in Sources */,
			);
			runOnlyForDeploymentPostprocessing = 0;
		};
/* End PBXSourcesBuildPhase section */

/* Begin PBXTargetDependency section */
		01864B0529719B6D00598CEC /* PBXTargetDependency */ = {
			isa = PBXTargetDependency;
			target = 01864AEC29719B6B00598CEC /* SquareFit */;
			targetProxy = 01864B0429719B6D00598CEC /* PBXContainerItemProxy */;
		};
		01864B0F29719B6D00598CEC /* PBXTargetDependency */ = {
			isa = PBXTargetDependency;
			target = 01864AEC29719B6B00598CEC /* SquareFit */;
			targetProxy = 01864B0E29719B6D00598CEC /* PBXContainerItemProxy */;
		};
/* End PBXTargetDependency section */

/* Begin PBXVariantGroup section */
		01864AF629719B6B00598CEC /* Main.storyboard */ = {
			isa = PBXVariantGroup;
			children = (
				01864AF729719B6B00598CEC /* Base */,
			);
			name = Main.storyboard;
			sourceTree = "<group>";
		};
		01864AFB29719B6C00598CEC /* LaunchScreen.storyboard */ = {
			isa = PBXVariantGroup;
			children = (
				01864AFC29719B6C00598CEC /* Base */,
			);
			name = LaunchScreen.storyboard;
			sourceTree = "<group>";
		};
/* End PBXVariantGroup section */

/* Begin XCBuildConfiguration section */
		01864B1529719B6D00598CEC /* Debug */ = {
			isa = XCBuildConfiguration;
			buildSettings = {
				ALWAYS_SEARCH_USER_PATHS = NO;
				CLANG_ANALYZER_NONNULL = YES;
				CLANG_ANALYZER_NUMBER_OBJECT_CONVERSION = YES_AGGRESSIVE;
				CLANG_CXX_LANGUAGE_STANDARD = "gnu++20";
				CLANG_ENABLE_MODULES = YES;
				CLANG_ENABLE_OBJC_ARC = YES;
				CLANG_ENABLE_OBJC_WEAK = YES;
				CLANG_WARN_BLOCK_CAPTURE_AUTORELEASING = YES;
				CLANG_WARN_BOOL_CONVERSION = YES;
				CLANG_WARN_COMMA = YES;
				CLANG_WARN_CONSTANT_CONVERSION = YES;
				CLANG_WARN_DEPRECATED_OBJC_IMPLEMENTATIONS = YES;
				CLANG_WARN_DIRECT_OBJC_ISA_USAGE = YES_ERROR;
				CLANG_WARN_DOCUMENTATION_COMMENTS = YES;
				CLANG_WARN_EMPTY_BODY = YES;
				CLANG_WARN_ENUM_CONVERSION = YES;
				CLANG_WARN_INFINITE_RECURSION = YES;
				CLANG_WARN_INT_CONVERSION = YES;
				CLANG_WARN_NON_LITERAL_NULL_CONVERSION = YES;
				CLANG_WARN_OBJC_IMPLICIT_RETAIN_SELF = YES;
				CLANG_WARN_OBJC_LITERAL_CONVERSION = YES;
				CLANG_WARN_OBJC_ROOT_CLASS = YES_ERROR;
				CLANG_WARN_QUOTED_INCLUDE_IN_FRAMEWORK_HEADER = YES;
				CLANG_WARN_RANGE_LOOP_ANALYSIS = YES;
				CLANG_WARN_STRICT_PROTOTYPES = YES;
				CLANG_WARN_SUSPICIOUS_MOVE = YES;
				CLANG_WARN_UNGUARDED_AVAILABILITY = YES_AGGRESSIVE;
				CLANG_WARN_UNREACHABLE_CODE = YES;
				CLANG_WARN__DUPLICATE_METHOD_MATCH = YES;
				COPY_PHASE_STRIP = NO;
				DEBUG_INFORMATION_FORMAT = dwarf;
				ENABLE_STRICT_OBJC_MSGSEND = YES;
				ENABLE_TESTABILITY = YES;
				GCC_C_LANGUAGE_STANDARD = gnu11;
				GCC_DYNAMIC_NO_PIC = NO;
				GCC_NO_COMMON_BLOCKS = YES;
				GCC_OPTIMIZATION_LEVEL = 0;
				GCC_PREPROCESSOR_DEFINITIONS = (
					"DEBUG=1",
					"$(inherited)",
				);
				GCC_WARN_64_TO_32_BIT_CONVERSION = YES;
				GCC_WARN_ABOUT_RETURN_TYPE = YES_ERROR;
				GCC_WARN_UNDECLARED_SELECTOR = YES;
				GCC_WARN_UNINITIALIZED_AUTOS = YES_AGGRESSIVE;
				GCC_WARN_UNUSED_FUNCTION = YES;
				GCC_WARN_UNUSED_VARIABLE = YES;
				IPHONEOS_DEPLOYMENT_TARGET = 16.0;
				MTL_ENABLE_DEBUG_INFO = INCLUDE_SOURCE;
				MTL_FAST_MATH = YES;
				ONLY_ACTIVE_ARCH = YES;
				SDKROOT = iphoneos;
				SWIFT_ACTIVE_COMPILATION_CONDITIONS = DEBUG;
				SWIFT_OPTIMIZATION_LEVEL = "-Onone";
			};
			name = Debug;
		};
		01864B1629719B6D00598CEC /* Release */ = {
			isa = XCBuildConfiguration;
			buildSettings = {
				ALWAYS_SEARCH_USER_PATHS = NO;
				CLANG_ANALYZER_NONNULL = YES;
				CLANG_ANALYZER_NUMBER_OBJECT_CONVERSION = YES_AGGRESSIVE;
				CLANG_CXX_LANGUAGE_STANDARD = "gnu++20";
				CLANG_ENABLE_MODULES = YES;
				CLANG_ENABLE_OBJC_ARC = YES;
				CLANG_ENABLE_OBJC_WEAK = YES;
				CLANG_WARN_BLOCK_CAPTURE_AUTORELEASING = YES;
				CLANG_WARN_BOOL_CONVERSION = YES;
				CLANG_WARN_COMMA = YES;
				CLANG_WARN_CONSTANT_CONVERSION = YES;
				CLANG_WARN_DEPRECATED_OBJC_IMPLEMENTATIONS = YES;
				CLANG_WARN_DIRECT_OBJC_ISA_USAGE = YES_ERROR;
				CLANG_WARN_DOCUMENTATION_COMMENTS = YES;
				CLANG_WARN_EMPTY_BODY = YES;
				CLANG_WARN_ENUM_CONVERSION = YES;
				CLANG_WARN_INFINITE_RECURSION = YES;
				CLANG_WARN_INT_CONVERSION = YES;
				CLANG_WARN_NON_LITERAL_NULL_CONVERSION = YES;
				CLANG_WARN_OBJC_IMPLICIT_RETAIN_SELF = YES;
				CLANG_WARN_OBJC_LITERAL_CONVERSION = YES;
				CLANG_WARN_OBJC_ROOT_CLASS = YES_ERROR;
				CLANG_WARN_QUOTED_INCLUDE_IN_FRAMEWORK_HEADER = YES;
				CLANG_WARN_RANGE_LOOP_ANALYSIS = YES;
				CLANG_WARN_STRICT_PROTOTYPES = YES;
				CLANG_WARN_SUSPICIOUS_MOVE = YES;
				CLANG_WARN_UNGUARDED_AVAILABILITY = YES_AGGRESSIVE;
				CLANG_WARN_UNREACHABLE_CODE = YES;
				CLANG_WARN__DUPLICATE_METHOD_MATCH = YES;
				COPY_PHASE_STRIP = NO;
				DEBUG_INFORMATION_FORMAT = "dwarf-with-dsym";
				ENABLE_NS_ASSERTIONS = NO;
				ENABLE_STRICT_OBJC_MSGSEND = YES;
				GCC_C_LANGUAGE_STANDARD = gnu11;
				GCC_NO_COMMON_BLOCKS = YES;
				GCC_WARN_64_TO_32_BIT_CONVERSION = YES;
				GCC_WARN_ABOUT_RETURN_TYPE = YES_ERROR;
				GCC_WARN_UNDECLARED_SELECTOR = YES;
				GCC_WARN_UNINITIALIZED_AUTOS = YES_AGGRESSIVE;
				GCC_WARN_UNUSED_FUNCTION = YES;
				GCC_WARN_UNUSED_VARIABLE = YES;
				IPHONEOS_DEPLOYMENT_TARGET = 16.0;
				MTL_ENABLE_DEBUG_INFO = NO;
				MTL_FAST_MATH = YES;
				SDKROOT = iphoneos;
				SWIFT_COMPILATION_MODE = wholemodule;
				SWIFT_OPTIMIZATION_LEVEL = "-O";
				VALIDATE_PRODUCT = YES;
			};
			name = Release;
		};
		01864B1829719B6D00598CEC /* Debug */ = {
			isa = XCBuildConfiguration;
			baseConfigurationReference = A78C9EC0256037C831065F94 /* Pods-SquareFit.debug.xcconfig */;
			buildSettings = {
				ASSETCATALOG_COMPILER_APPICON_NAME = AppIcon;
				ASSETCATALOG_COMPILER_GLOBAL_ACCENT_COLOR_NAME = AccentColor;
				CODE_SIGN_STYLE = Automatic;
				CURRENT_PROJECT_VERSION = 1;
				GENERATE_INFOPLIST_FILE = YES;
				INFOPLIST_FILE = SquareFit/Info.plist;
				INFOPLIST_KEY_UIApplicationSupportsIndirectInputEvents = YES;
				INFOPLIST_KEY_UILaunchStoryboardName = LaunchScreen;
				INFOPLIST_KEY_UIMainStoryboardFile = Main;
				INFOPLIST_KEY_UISupportedInterfaceOrientations_iPad = "UIInterfaceOrientationPortrait UIInterfaceOrientationPortraitUpsideDown UIInterfaceOrientationLandscapeLeft UIInterfaceOrientationLandscapeRight";
				INFOPLIST_KEY_UISupportedInterfaceOrientations_iPhone = "UIInterfaceOrientationPortrait UIInterfaceOrientationLandscapeLeft UIInterfaceOrientationLandscapeRight";
				LD_RUNPATH_SEARCH_PATHS = (
					"$(inherited)",
					"@executable_path/Frameworks",
				);
				MARKETING_VERSION = 1.0;
				PRODUCT_BUNDLE_IDENTIFIER = hhhhh.SquareFit;
				PRODUCT_NAME = "$(TARGET_NAME)";
				SWIFT_EMIT_LOC_STRINGS = YES;
				SWIFT_VERSION = 5.0;
				TARGETED_DEVICE_FAMILY = "1,2";
			};
			name = Debug;
		};
		01864B1929719B6D00598CEC /* Release */ = {
			isa = XCBuildConfiguration;
			baseConfigurationReference = 86812907FD4E12C94B3A2A4D /* Pods-SquareFit.release.xcconfig */;
			buildSettings = {
				ASSETCATALOG_COMPILER_APPICON_NAME = AppIcon;
				ASSETCATALOG_COMPILER_GLOBAL_ACCENT_COLOR_NAME = AccentColor;
				CODE_SIGN_STYLE = Automatic;
				CURRENT_PROJECT_VERSION = 1;
				GENERATE_INFOPLIST_FILE = YES;
				INFOPLIST_FILE = SquareFit/Info.plist;
				INFOPLIST_KEY_UIApplicationSupportsIndirectInputEvents = YES;
				INFOPLIST_KEY_UILaunchStoryboardName = LaunchScreen;
				INFOPLIST_KEY_UIMainStoryboardFile = Main;
				INFOPLIST_KEY_UISupportedInterfaceOrientations_iPad = "UIInterfaceOrientationPortrait UIInterfaceOrientationPortraitUpsideDown UIInterfaceOrientationLandscapeLeft UIInterfaceOrientationLandscapeRight";
				INFOPLIST_KEY_UISupportedInterfaceOrientations_iPhone = "UIInterfaceOrientationPortrait UIInterfaceOrientationLandscapeLeft UIInterfaceOrientationLandscapeRight";
				LD_RUNPATH_SEARCH_PATHS = (
					"$(inherited)",
					"@executable_path/Frameworks",
				);
				MARKETING_VERSION = 1.0;
				PRODUCT_BUNDLE_IDENTIFIER = hhhhh.SquareFit;
				PRODUCT_NAME = "$(TARGET_NAME)";
				SWIFT_EMIT_LOC_STRINGS = YES;
				SWIFT_VERSION = 5.0;
				TARGETED_DEVICE_FAMILY = "1,2";
			};
			name = Release;
		};
		01864B1B29719B6D00598CEC /* Debug */ = {
			isa = XCBuildConfiguration;
			baseConfigurationReference = 33DCA3D9E4555CEE76670315 /* Pods-SquareFitTests.debug.xcconfig */;
			buildSettings = {
				ALWAYS_EMBED_SWIFT_STANDARD_LIBRARIES = YES;
				BUNDLE_LOADER = "$(TEST_HOST)";
				CODE_SIGN_STYLE = Automatic;
				CURRENT_PROJECT_VERSION = 1;
				GENERATE_INFOPLIST_FILE = YES;
				IPHONEOS_DEPLOYMENT_TARGET = 16.0;
				MARKETING_VERSION = 1.0;
				PRODUCT_BUNDLE_IDENTIFIER = hhhhh.SquareFitTests;
				PRODUCT_NAME = "$(TARGET_NAME)";
				SWIFT_EMIT_LOC_STRINGS = NO;
				SWIFT_VERSION = 5.0;
				TARGETED_DEVICE_FAMILY = "1,2";
				TEST_HOST = "$(BUILT_PRODUCTS_DIR)/SquareFit.app/$(BUNDLE_EXECUTABLE_FOLDER_PATH)/SquareFit";
			};
			name = Debug;
		};
		01864B1C29719B6D00598CEC /* Release */ = {
			isa = XCBuildConfiguration;
			baseConfigurationReference = 45E5460D1EDB2519231E6369 /* Pods-SquareFitTests.release.xcconfig */;
			buildSettings = {
				ALWAYS_EMBED_SWIFT_STANDARD_LIBRARIES = YES;
				BUNDLE_LOADER = "$(TEST_HOST)";
				CODE_SIGN_STYLE = Automatic;
				CURRENT_PROJECT_VERSION = 1;
				GENERATE_INFOPLIST_FILE = YES;
				IPHONEOS_DEPLOYMENT_TARGET = 16.0;
				MARKETING_VERSION = 1.0;
				PRODUCT_BUNDLE_IDENTIFIER = hhhhh.SquareFitTests;
				PRODUCT_NAME = "$(TARGET_NAME)";
				SWIFT_EMIT_LOC_STRINGS = NO;
				SWIFT_VERSION = 5.0;
				TARGETED_DEVICE_FAMILY = "1,2";
				TEST_HOST = "$(BUILT_PRODUCTS_DIR)/SquareFit.app/$(BUNDLE_EXECUTABLE_FOLDER_PATH)/SquareFit";
			};
			name = Release;
		};
		01864B1E29719B6D00598CEC /* Debug */ = {
			isa = XCBuildConfiguration;
			baseConfigurationReference = 3A237CDFD40E340FE5B7B9BE /* Pods-SquareFit-SquareFitUITests.debug.xcconfig */;
			buildSettings = {
				ALWAYS_EMBED_SWIFT_STANDARD_LIBRARIES = YES;
				CODE_SIGN_STYLE = Automatic;
				CURRENT_PROJECT_VERSION = 1;
				GENERATE_INFOPLIST_FILE = YES;
				MARKETING_VERSION = 1.0;
				PRODUCT_BUNDLE_IDENTIFIER = hhhhh.SquareFitUITests;
				PRODUCT_NAME = "$(TARGET_NAME)";
				SWIFT_EMIT_LOC_STRINGS = NO;
				SWIFT_VERSION = 5.0;
				TARGETED_DEVICE_FAMILY = "1,2";
				TEST_TARGET_NAME = SquareFit;
			};
			name = Debug;
		};
		01864B1F29719B6D00598CEC /* Release */ = {
			isa = XCBuildConfiguration;
			baseConfigurationReference = E2C23A16DC4A6119B9740145 /* Pods-SquareFit-SquareFitUITests.release.xcconfig */;
			buildSettings = {
				ALWAYS_EMBED_SWIFT_STANDARD_LIBRARIES = YES;
				CODE_SIGN_STYLE = Automatic;
				CURRENT_PROJECT_VERSION = 1;
				GENERATE_INFOPLIST_FILE = YES;
				MARKETING_VERSION = 1.0;
				PRODUCT_BUNDLE_IDENTIFIER = hhhhh.SquareFitUITests;
				PRODUCT_NAME = "$(TARGET_NAME)";
				SWIFT_EMIT_LOC_STRINGS = NO;
				SWIFT_VERSION = 5.0;
				TARGETED_DEVICE_FAMILY = "1,2";
				TEST_TARGET_NAME = SquareFit;
			};
			name = Release;
		};
/* End XCBuildConfiguration section */

/* Begin XCConfigurationList section */
		01864AE829719B6B00598CEC /* Build configuration list for PBXProject "SquareFit" */ = {
			isa = XCConfigurationList;
			buildConfigurations = (
				01864B1529719B6D00598CEC /* Debug */,
				01864B1629719B6D00598CEC /* Release */,
			);
			defaultConfigurationIsVisible = 0;
			defaultConfigurationName = Release;
		};
		01864B1729719B6D00598CEC /* Build configuration list for PBXNativeTarget "SquareFit" */ = {
			isa = XCConfigurationList;
			buildConfigurations = (
				01864B1829719B6D00598CEC /* Debug */,
				01864B1929719B6D00598CEC /* Release */,
			);
			defaultConfigurationIsVisible = 0;
			defaultConfigurationName = Release;
		};
		01864B1A29719B6D00598CEC /* Build configuration list for PBXNativeTarget "SquareFitTests" */ = {
			isa = XCConfigurationList;
			buildConfigurations = (
				01864B1B29719B6D00598CEC /* Debug */,
				01864B1C29719B6D00598CEC /* Release */,
			);
			defaultConfigurationIsVisible = 0;
			defaultConfigurationName = Release;
		};
		01864B1D29719B6D00598CEC /* Build configuration list for PBXNativeTarget "SquareFitUITests" */ = {
			isa = XCConfigurationList;
			buildConfigurations = (
				01864B1E29719B6D00598CEC /* Debug */,
				01864B1F29719B6D00598CEC /* Release */,
			);
			defaultConfigurationIsVisible = 0;
			defaultConfigurationName = Release;
		};
/* End XCConfigurationList section */
	};
	rootObject = 01864AE529719B6B00598CEC /* Project object */;
}
